PODS:
  - Alamofire (5.0.0-rc.3)
  - HSDatePickerViewController (1.0.4)

DEPENDENCIES:
  - Alamofire (~> 5.0.0-rc.3)
  - HSDatePickerViewController (~> 1.0)

SPEC REPOS:
  trunk:
    - Alamofire
    - HSDatePickerViewController

SPEC CHECKSUMS:
  Alamofire: ca8c0de6906873be89d6deec5c8de279e00bf872
  HSDatePickerViewController: 5a72b71f8c3b10e76f2c28a898f8572b551432a6

PODFILE CHECKSUM: 1d8e2328dce5ce24534b61f1675a776a8b54288d

COCOAPODS: 1.8.4
